
Microsoft Visual Studio Solution File, Format Version 12.00
# Visual Studio Version 17
VisualStudioVersion = 17.9.34616.47
MinimumVisualStudioVersion = 10.0.40219.1
Project("{FAE04EC0-301F-11D3-BF4B-00C04F79EFBC}") = "SGUI4", "SGUI4\SGUI4.csproj", "{0975C5CC-6A06-44F6-8E27-3CFD706FD406}"
EndProject
Global
	GlobalSection(SolutionConfigurationPlatforms) = preSolution
		Debug|Any CPU = Debug|Any CPU
		Release|Any CPU = Release|Any CPU
	EndGlobalSection
	GlobalSection(ProjectConfigurationPlatforms) = postSolution
		{0975C5CC-6A06-44F6-8E27-3CFD706FD406}.Debug|Any CPU.ActiveCfg = Debug|Any CPU
		{0975C5CC-6A06-44F6-8E27-3CFD706FD406}.Debug|Any CPU.Build.0 = Debug|Any CPU
		{0975C5CC-6A06-44F6-8E27-3CFD706FD406}.Release|Any CPU.ActiveCfg = Release|Any CPU
		{0975C5CC-6A06-44F6-8E27-3CFD706FD406}.Release|Any CPU.Build.0 = Release|Any CPU
	EndGlobalSection
	GlobalSection(SolutionProperties) = preSolution
		HideSolutionNode = FALSE
	EndGlobalSection
	GlobalSection(ExtensibilityGlobals) = postSolution
		SolutionGuid = {178B5780-30FE-433F-A841-77F9547EBF7A}
	EndGlobalSection
EndGlobal
